lockfileVersion: 5.4

specifiers:
  ts-adt: ^2.1.2
  typescript: ^4.8.4

dependencies:
  ts-adt: 2.1.2

devDependencies:
  typescript: 4.8.4

packages:

  /ts-adt/2.1.2:
    resolution: {integrity: sha512-UD0lr7eyiBjxogQjb1xMCjF7skrnxGZLNm4iROeU3ky5tJzXN0yQkkS4DfNGfM4RaUGMhgyrzf2wUynqK8AdWQ==}
    dev: false

  /typescript/4.8.4:
    resolution: {integrity: sha512-QCh+85mCy+h0IGff8r5XWzOVSbBO+KfeYrMQh7NJ58QujwcE22u+NUSmUxqF+un70P9GXKxa2HCNiTTMJknyjQ==}
    engines: {node: '>=4.2.0'}
    hasBin: true
    dev: true
